
Microsoft Visual Studio Solution File, Format Version 12.00
# Visual Studio Version 16
VisualStudioVersion = 16.0.31424.327
MinimumVisualStudioVersion = 10.0.40219.1
Project("{FAE04EC0-301F-11D3-BF4B-00C04F79EFBC}") = "CacheSimulation", "CacheSimulation\CacheSimulation.csproj", "{2AC77101-3E57-41ED-8A57-0AB22305D194}"
EndProject
Project("{FAE04EC0-301F-11D3-BF4B-00C04F79EFBC}") = "RamGenerator", "RamGenerator\RamGenerator.csproj", "{6CD38E3A-B47B-4746-8241-F43547142850}"
EndProject
Global
	GlobalSection(SolutionConfigurationPlatforms) = preSolution
		Debug|Any CPU = Debug|Any CPU
		Release|Any CPU = Release|Any CPU
	EndGlobalSection
	GlobalSection(ProjectConfigurationPlatforms) = postSolution
		{2AC77101-3E57-41ED-8A57-0AB22305D194}.Debug|Any CPU.ActiveCfg = Debug|Any CPU
		{2AC77101-3E57-41ED-8A57-0AB22305D194}.Debug|Any CPU.Build.0 = Debug|Any CPU
		{2AC77101-3E57-41ED-8A57-0AB22305D194}.Release|Any CPU.ActiveCfg = Release|Any CPU
		{2AC77101-3E57-41ED-8A57-0AB22305D194}.Release|Any CPU.Build.0 = Release|Any CPU
		{6CD38E3A-B47B-4746-8241-F43547142850}.Debug|Any CPU.ActiveCfg = Debug|Any CPU
		{6CD38E3A-B47B-4746-8241-F43547142850}.Debug|Any CPU.Build.0 = Debug|Any CPU
		{6CD38E3A-B47B-4746-8241-F43547142850}.Release|Any CPU.ActiveCfg = Release|Any CPU
		{6CD38E3A-B47B-4746-8241-F43547142850}.Release|Any CPU.Build.0 = Release|Any CPU
	EndGlobalSection
	GlobalSection(SolutionProperties) = preSolution
		HideSolutionNode = FALSE
	EndGlobalSection
	GlobalSection(ExtensibilityGlobals) = postSolution
		SolutionGuid = {2F5F6476-064D-4D26-922F-50476DDFB1FD}
	EndGlobalSection
EndGlobal
