
Microsoft Visual Studio Solution File, Format Version 12.00
# Visual Studio Version 16
VisualStudioVersion = 16.0.30804.86
MinimumVisualStudioVersion = 10.0.40219.1
Project("{2150E333-8FDC-42A3-9474-1A3956D46DE8}") = "Solution Items", "Solution Items", "{9E389F69-F745-4B43-B345-08716ED39D9E}"
	ProjectSection(SolutionItems) = preProject
		.editorconfig = .editorconfig
	EndProjectSection
EndProject
Project("{FAE04EC0-301F-11D3-BF4B-00C04F79EFBC}") = "CacheSimulation", "CacheSimulation\CacheSimulation.csproj", "{2AC77101-3E57-41ED-8A57-0AB22305D194}"
EndProject
Project("{FAE04EC0-301F-11D3-BF4B-00C04F79EFBC}") = "RamGenerator", "RamGenerator\RamGenerator.csproj", "{94B4902D-43A8-4492-941D-8D5244AC667B}"
EndProject
Project("{FAE04EC0-301F-11D3-BF4B-00C04F79EFBC}") = "Test", "Test\Test.csproj", "{60A4519A-49C0-4F0C-83FD-574F11D63484}"
EndProject
Project("{FAE04EC0-301F-11D3-BF4B-00C04F79EFBC}") = "TraceGenerator", "TraceGenerator\TraceGenerator.csproj", "{DB10A0A5-1A8C-4FAC-96DF-78B8A0D590FE}"
EndProject
Global
	GlobalSection(SolutionConfigurationPlatforms) = preSolution
		Debug|Any CPU = Debug|Any CPU
		Release|Any CPU = Release|Any CPU
	EndGlobalSection
	GlobalSection(ProjectConfigurationPlatforms) = postSolution
		{2AC77101-3E57-41ED-8A57-0AB22305D194}.Debug|Any CPU.ActiveCfg = Debug|Any CPU
		{2AC77101-3E57-41ED-8A57-0AB22305D194}.Debug|Any CPU.Build.0 = Debug|Any CPU
		{2AC77101-3E57-41ED-8A57-0AB22305D194}.Release|Any CPU.ActiveCfg = Release|Any CPU
		{2AC77101-3E57-41ED-8A57-0AB22305D194}.Release|Any CPU.Build.0 = Release|Any CPU
		{94B4902D-43A8-4492-941D-8D5244AC667B}.Debug|Any CPU.ActiveCfg = Debug|Any CPU
		{94B4902D-43A8-4492-941D-8D5244AC667B}.Debug|Any CPU.Build.0 = Debug|Any CPU
		{94B4902D-43A8-4492-941D-8D5244AC667B}.Release|Any CPU.ActiveCfg = Release|Any CPU
		{94B4902D-43A8-4492-941D-8D5244AC667B}.Release|Any CPU.Build.0 = Release|Any CPU
		{60A4519A-49C0-4F0C-83FD-574F11D63484}.Debug|Any CPU.ActiveCfg = Debug|Any CPU
		{60A4519A-49C0-4F0C-83FD-574F11D63484}.Debug|Any CPU.Build.0 = Debug|Any CPU
		{60A4519A-49C0-4F0C-83FD-574F11D63484}.Release|Any CPU.ActiveCfg = Release|Any CPU
		{60A4519A-49C0-4F0C-83FD-574F11D63484}.Release|Any CPU.Build.0 = Release|Any CPU
		{DB10A0A5-1A8C-4FAC-96DF-78B8A0D590FE}.Debug|Any CPU.ActiveCfg = Debug|Any CPU
		{DB10A0A5-1A8C-4FAC-96DF-78B8A0D590FE}.Debug|Any CPU.Build.0 = Debug|Any CPU
		{DB10A0A5-1A8C-4FAC-96DF-78B8A0D590FE}.Release|Any CPU.ActiveCfg = Release|Any CPU
		{DB10A0A5-1A8C-4FAC-96DF-78B8A0D590FE}.Release|Any CPU.Build.0 = Release|Any CPU
	EndGlobalSection
	GlobalSection(SolutionProperties) = preSolution
		HideSolutionNode = FALSE
	EndGlobalSection
	GlobalSection(ExtensibilityGlobals) = postSolution
		SolutionGuid = {B9F549BE-B160-4A49-AD3F-5179CCBE0BFB}
	EndGlobalSection
EndGlobal
