
Microsoft Visual Studio Solution File, Format Version 12.00
# Visual Studio Version 16
VisualStudioVersion = 16.0.31424.327
MinimumVisualStudioVersion = 10.0.40219.1
Project("{FAE04EC0-301F-11D3-BF4B-00C04F79EFBC}") = "CacheSimulation", "CacheSimulation\CacheSimulation.csproj", "{2AC77101-3E57-41ED-8A57-0AB22305D194}"
EndProject
Project("{FAE04EC0-301F-11D3-BF4B-00C04F79EFBC}") = "RamGenerator", "RamGenerator\RamGenerator.csproj", "{94B4902D-43A8-4492-941D-8D5244AC667B}"
EndProject
Project("{FAE04EC0-301F-11D3-BF4B-00C04F79EFBC}") = "Test", "Test\Test.csproj", "{60A4519A-49C0-4F0C-83FD-574F11D63484}"
EndProject
Project("{FAE04EC0-301F-11D3-BF4B-00C04F79EFBC}") = "TraceGenerator", "TraceGenerator\TraceGenerator.csproj", "{DB10A0A5-1A8C-4FAC-96DF-78B8A0D590FE}"
EndProject
Project("{FAE04EC0-301F-11D3-BF4B-00C04F79EFBC}") = "CacheSimulator", "CacheSimulator\CacheSimulator.csproj", "{66DEB549-830E-4E69-9B70-932910100071}"
EndProject
Project("{FAE04EC0-301F-11D3-BF4B-00C04F79EFBC}") = "RamGenerator.Tests", "RamGenerator.Tests\RamGenerator.Tests.csproj", "{83BCA7BF-405F-4379-83F4-496531F89B95}"
EndProject
Global
	GlobalSection(SolutionConfigurationPlatforms) = preSolution
		Debug|Any CPU = Debug|Any CPU
		Release|Any CPU = Release|Any CPU
	EndGlobalSection
	GlobalSection(ProjectConfigurationPlatforms) = postSolution
		{2AC77101-3E57-41ED-8A57-0AB22305D194}.Debug|Any CPU.ActiveCfg = Debug|Any CPU
		{2AC77101-3E57-41ED-8A57-0AB22305D194}.Debug|Any CPU.Build.0 = Debug|Any CPU
		{2AC77101-3E57-41ED-8A57-0AB22305D194}.Release|Any CPU.ActiveCfg = Release|Any CPU
		{2AC77101-3E57-41ED-8A57-0AB22305D194}.Release|Any CPU.Build.0 = Release|Any CPU
		{94B4902D-43A8-4492-941D-8D5244AC667B}.Debug|Any CPU.ActiveCfg = Debug|Any CPU
		{94B4902D-43A8-4492-941D-8D5244AC667B}.Debug|Any CPU.Build.0 = Debug|Any CPU
		{94B4902D-43A8-4492-941D-8D5244AC667B}.Release|Any CPU.ActiveCfg = Release|Any CPU
		{94B4902D-43A8-4492-941D-8D5244AC667B}.Release|Any CPU.Build.0 = Release|Any CPU
		{60A4519A-49C0-4F0C-83FD-574F11D63484}.Debug|Any CPU.ActiveCfg = Debug|Any CPU
		{60A4519A-49C0-4F0C-83FD-574F11D63484}.Debug|Any CPU.Build.0 = Debug|Any CPU
		{60A4519A-49C0-4F0C-83FD-574F11D63484}.Release|Any CPU.ActiveCfg = Release|Any CPU
		{60A4519A-49C0-4F0C-83FD-574F11D63484}.Release|Any CPU.Build.0 = Release|Any CPU
		{DB10A0A5-1A8C-4FAC-96DF-78B8A0D590FE}.Debug|Any CPU.ActiveCfg = Debug|Any CPU
		{DB10A0A5-1A8C-4FAC-96DF-78B8A0D590FE}.Debug|Any CPU.Build.0 = Debug|Any CPU
		{DB10A0A5-1A8C-4FAC-96DF-78B8A0D590FE}.Release|Any CPU.ActiveCfg = Release|Any CPU
		{DB10A0A5-1A8C-4FAC-96DF-78B8A0D590FE}.Release|Any CPU.Build.0 = Release|Any CPU
		{66DEB549-830E-4E69-9B70-932910100071}.Debug|Any CPU.ActiveCfg = Debug|Any CPU
		{66DEB549-830E-4E69-9B70-932910100071}.Debug|Any CPU.Build.0 = Debug|Any CPU
		{66DEB549-830E-4E69-9B70-932910100071}.Release|Any CPU.ActiveCfg = Release|Any CPU
		{66DEB549-830E-4E69-9B70-932910100071}.Release|Any CPU.Build.0 = Release|Any CPU
		{83BCA7BF-405F-4379-83F4-496531F89B95}.Debug|Any CPU.ActiveCfg = Debug|Any CPU
		{83BCA7BF-405F-4379-83F4-496531F89B95}.Debug|Any CPU.Build.0 = Debug|Any CPU
		{83BCA7BF-405F-4379-83F4-496531F89B95}.Release|Any CPU.ActiveCfg = Release|Any CPU
		{83BCA7BF-405F-4379-83F4-496531F89B95}.Release|Any CPU.Build.0 = Release|Any CPU
	EndGlobalSection
	GlobalSection(SolutionProperties) = preSolution
		HideSolutionNode = FALSE
	EndGlobalSection
	GlobalSection(ExtensibilityGlobals) = postSolution
		SolutionGuid = {2F5F6476-064D-4D26-922F-50476DDFB1FD}
	EndGlobalSection
EndGlobal
